
Microsoft Visual Studio Solution File, Format Version 12.00
# Visual Studio Version 16
VisualStudioVersion = 16.0.29020.237
MinimumVisualStudioVersion = 10.0.40219.1
Project("{FAE04EC0-301F-11D3-BF4B-00C04F79EFBC}") = "TicTacToeWPF", "TicTacToeWPF\TicTacToeWPF.csproj", "{6EF8D046-2538-4D90-AB20-4C4ACE372DCC}"
EndProject
Global
	GlobalSection(SolutionConfigurationPlatforms) = preSolution
		Debug|Any CPU = Debug|Any CPU
		Release|Any CPU = Release|Any CPU
	EndGlobalSection
	GlobalSection(ProjectConfigurationPlatforms) = postSolution
		{6EF8D046-2538-4D90-AB20-4C4ACE372DCC}.Debug|Any CPU.ActiveCfg = Debug|Any CPU
		{6EF8D046-2538-4D90-AB20-4C4ACE372DCC}.Debug|Any CPU.Build.0 = Debug|Any CPU
		{6EF8D046-2538-4D90-AB20-4C4ACE372DCC}.Release|Any CPU.ActiveCfg = Release|Any CPU
		{6EF8D046-2538-4D90-AB20-4C4ACE372DCC}.Release|Any CPU.Build.0 = Release|Any CPU
	EndGlobalSection
	GlobalSection(SolutionProperties) = preSolution
		HideSolutionNode = FALSE
	EndGlobalSection
	GlobalSection(ExtensibilityGlobals) = postSolution
		SolutionGuid = {A37FD7FB-592A-4B8D-9FCC-28B4385B1508}
	EndGlobalSection
EndGlobal
